
Microsoft Visual Studio Solution File, Format Version 12.00
# Visual Studio 14
VisualStudioVersion = 14.0.25420.1
MinimumVisualStudioVersion = 10.0.40219.1
Project("{8BC9CEB8-8B4A-11D0-8D11-00A0C91BC942}") = "Gunbird_Game", "Gunbird_Game\Gunbird_Game.vcxproj", "{A762AC09-D733-4826-AF3C-4360E7C59F32}"
EndProject
Project("{2150E333-8FDC-42A3-9474-1A3956D46DE8}") = "00.Headers", "00.Headers", "{50042A7F-47E6-43FA-BC24-B059C9B57C25}"
	ProjectSection(SolutionItems) = preProject
		Headers\Include.h = Headers\Include.h
	EndProjectSection
EndProject
Project("{2150E333-8FDC-42A3-9474-1A3956D46DE8}") = "Include", "Include", "{8D0171F3-D888-4A1B-B19C-7DB803136193}"
	ProjectSection(SolutionItems) = preProject
		Headers\Define.h = Headers\Define.h
		Headers\Enum.h = Headers\Enum.h
		Headers\Extern.h = Headers\Extern.h
		Headers\Function.h = Headers\Function.h
		Headers\Functor.h = Headers\Functor.h
		Headers\ObjFactory.h = Headers\ObjFactory.h
		Headers\Struct.h = Headers\Struct.h
	EndProjectSection
EndProject
Global
	GlobalSection(SolutionConfigurationPlatforms) = preSolution
		Debug|x64 = Debug|x64
		Debug|x86 = Debug|x86
		Release|x64 = Release|x64
		Release|x86 = Release|x86
	EndGlobalSection
	GlobalSection(ProjectConfigurationPlatforms) = postSolution
		{A762AC09-D733-4826-AF3C-4360E7C59F32}.Debug|x64.ActiveCfg = Debug|x64
		{A762AC09-D733-4826-AF3C-4360E7C59F32}.Debug|x64.Build.0 = Debug|x64
		{A762AC09-D733-4826-AF3C-4360E7C59F32}.Debug|x86.ActiveCfg = Debug|Win32
		{A762AC09-D733-4826-AF3C-4360E7C59F32}.Debug|x86.Build.0 = Debug|Win32
		{A762AC09-D733-4826-AF3C-4360E7C59F32}.Release|x64.ActiveCfg = Release|x64
		{A762AC09-D733-4826-AF3C-4360E7C59F32}.Release|x64.Build.0 = Release|x64
		{A762AC09-D733-4826-AF3C-4360E7C59F32}.Release|x86.ActiveCfg = Release|Win32
		{A762AC09-D733-4826-AF3C-4360E7C59F32}.Release|x86.Build.0 = Release|Win32
	EndGlobalSection
	GlobalSection(SolutionProperties) = preSolution
		HideSolutionNode = FALSE
	EndGlobalSection
	GlobalSection(NestedProjects) = preSolution
		{8D0171F3-D888-4A1B-B19C-7DB803136193} = {50042A7F-47E6-43FA-BC24-B059C9B57C25}
	EndGlobalSection
EndGlobal
